
Microsoft Visual Studio Solution File, Format Version 12.00
# Visual Studio Version 16
VisualStudioVersion = 16.0.30611.23
MinimumVisualStudioVersion = 10.0.40219.1
Project("{FAE04EC0-301F-11D3-BF4B-00C04F79EFBC}") = "GitExtBar", "GitExtBar\GitExtBar.csproj", "{63A0047E-64E8-4620-BB50-AE1CA17B3975}"
EndProject
Project("{FAE04EC0-301F-11D3-BF4B-00C04F79EFBC}") = "DirBrowser", "DirBrowser\DirBrowser.csproj", "{AA8B9201-F1F6-4009-99EF-4E00E751C124}"
EndProject
Project("{FAE04EC0-301F-11D3-BF4B-00C04F79EFBC}") = "separate-console", "separate-console\separate-console.csproj", "{4A112556-38F8-473B-9BA1-A8FA58338FD9}"
EndProject
Project("{8BC9CEB8-8B4A-11D0-8D11-00A0C91BC942}") = "sudo", "sudo\sudo.vcxproj", "{98578377-F8C7-4851-B746-11F7243AAAFA}"
EndProject
Project("{2150E333-8FDC-42A3-9474-1A3956D46DE8}") = "Notes", "Notes", "{0423539F-794E-4503-A6FF-9AEDC48CE84A}"
EndProject
Project("{FAE04EC0-301F-11D3-BF4B-00C04F79EFBC}") = "Notes", "Notes\Notes\Notes.csproj", "{2802E943-0E90-4267-B6FF-E65D6E4E267F}"
EndProject
Project("{FAE04EC0-301F-11D3-BF4B-00C04F79EFBC}") = "TreeList", "Notes\TreeList\TreeList.csproj", "{CDF6194D-77E1-4E17-8D2A-94908663D09D}"
EndProject
Project("{FAE04EC0-301F-11D3-BF4B-00C04F79EFBC}") = "RipGrepGUI", "RipGrepGUI\RipGrepGUI.csproj", "{A2A25A4F-3C53-4690-B81B-B6F6E4CFFE97}"
EndProject
Project("{FAE04EC0-301F-11D3-BF4B-00C04F79EFBC}") = "CmdTitle", "CmdTitle\CmdTitle.csproj", "{33D78399-FBE0-4D13-8D1D-B170C7E0DDBB}"
EndProject
Project("{FAE04EC0-301F-11D3-BF4B-00C04F79EFBC}") = "Ghidra", "Ghidra\Ghidra.csproj", "{007AAFF6-D3CB-41E1-867E-4F0A5A8C821F}"
EndProject
Project("{FAE04EC0-301F-11D3-BF4B-00C04F79EFBC}") = "NewFile", "NewFile\NewFile.csproj", "{D442021E-3289-4A76-BBDD-55BB8ECA7C08}"
EndProject
Global
	GlobalSection(SolutionConfigurationPlatforms) = preSolution
		Debug|Any CPU = Debug|Any CPU
		Release|Any CPU = Release|Any CPU
	EndGlobalSection
	GlobalSection(ProjectConfigurationPlatforms) = postSolution
		{63A0047E-64E8-4620-BB50-AE1CA17B3975}.Debug|Any CPU.ActiveCfg = Debug|Any CPU
		{63A0047E-64E8-4620-BB50-AE1CA17B3975}.Debug|Any CPU.Build.0 = Debug|Any CPU
		{63A0047E-64E8-4620-BB50-AE1CA17B3975}.Release|Any CPU.ActiveCfg = Release|Any CPU
		{63A0047E-64E8-4620-BB50-AE1CA17B3975}.Release|Any CPU.Build.0 = Release|Any CPU
		{AA8B9201-F1F6-4009-99EF-4E00E751C124}.Debug|Any CPU.ActiveCfg = Debug|Any CPU
		{AA8B9201-F1F6-4009-99EF-4E00E751C124}.Debug|Any CPU.Build.0 = Debug|Any CPU
		{AA8B9201-F1F6-4009-99EF-4E00E751C124}.Release|Any CPU.ActiveCfg = Release|Any CPU
		{AA8B9201-F1F6-4009-99EF-4E00E751C124}.Release|Any CPU.Build.0 = Release|Any CPU
		{4A112556-38F8-473B-9BA1-A8FA58338FD9}.Debug|Any CPU.ActiveCfg = Debug|Any CPU
		{4A112556-38F8-473B-9BA1-A8FA58338FD9}.Debug|Any CPU.Build.0 = Debug|Any CPU
		{4A112556-38F8-473B-9BA1-A8FA58338FD9}.Release|Any CPU.ActiveCfg = Release|Any CPU
		{4A112556-38F8-473B-9BA1-A8FA58338FD9}.Release|Any CPU.Build.0 = Release|Any CPU
		{98578377-F8C7-4851-B746-11F7243AAAFA}.Debug|Any CPU.ActiveCfg = Debug|Win32
		{98578377-F8C7-4851-B746-11F7243AAAFA}.Debug|Any CPU.Build.0 = Debug|Win32
		{98578377-F8C7-4851-B746-11F7243AAAFA}.Release|Any CPU.ActiveCfg = Release|Win32
		{98578377-F8C7-4851-B746-11F7243AAAFA}.Release|Any CPU.Build.0 = Release|Win32
		{2802E943-0E90-4267-B6FF-E65D6E4E267F}.Debug|Any CPU.ActiveCfg = Debug|Any CPU
		{2802E943-0E90-4267-B6FF-E65D6E4E267F}.Debug|Any CPU.Build.0 = Debug|Any CPU
		{2802E943-0E90-4267-B6FF-E65D6E4E267F}.Release|Any CPU.ActiveCfg = Release|Any CPU
		{2802E943-0E90-4267-B6FF-E65D6E4E267F}.Release|Any CPU.Build.0 = Release|Any CPU
		{CDF6194D-77E1-4E17-8D2A-94908663D09D}.Debug|Any CPU.ActiveCfg = Debug|Any CPU
		{CDF6194D-77E1-4E17-8D2A-94908663D09D}.Debug|Any CPU.Build.0 = Debug|Any CPU
		{CDF6194D-77E1-4E17-8D2A-94908663D09D}.Release|Any CPU.ActiveCfg = Release|Any CPU
		{CDF6194D-77E1-4E17-8D2A-94908663D09D}.Release|Any CPU.Build.0 = Release|Any CPU
		{A2A25A4F-3C53-4690-B81B-B6F6E4CFFE97}.Debug|Any CPU.ActiveCfg = Debug|Any CPU
		{A2A25A4F-3C53-4690-B81B-B6F6E4CFFE97}.Debug|Any CPU.Build.0 = Debug|Any CPU
		{A2A25A4F-3C53-4690-B81B-B6F6E4CFFE97}.Release|Any CPU.ActiveCfg = Release|Any CPU
		{A2A25A4F-3C53-4690-B81B-B6F6E4CFFE97}.Release|Any CPU.Build.0 = Release|Any CPU
		{33D78399-FBE0-4D13-8D1D-B170C7E0DDBB}.Debug|Any CPU.ActiveCfg = Debug|Any CPU
		{33D78399-FBE0-4D13-8D1D-B170C7E0DDBB}.Debug|Any CPU.Build.0 = Debug|Any CPU
		{33D78399-FBE0-4D13-8D1D-B170C7E0DDBB}.Release|Any CPU.ActiveCfg = Release|Any CPU
		{33D78399-FBE0-4D13-8D1D-B170C7E0DDBB}.Release|Any CPU.Build.0 = Release|Any CPU
		{007AAFF6-D3CB-41E1-867E-4F0A5A8C821F}.Debug|Any CPU.ActiveCfg = Debug|Any CPU
		{007AAFF6-D3CB-41E1-867E-4F0A5A8C821F}.Debug|Any CPU.Build.0 = Debug|Any CPU
		{007AAFF6-D3CB-41E1-867E-4F0A5A8C821F}.Release|Any CPU.ActiveCfg = Release|Any CPU
		{007AAFF6-D3CB-41E1-867E-4F0A5A8C821F}.Release|Any CPU.Build.0 = Release|Any CPU
		{8FDD3EDE-FBF3-4FDD-B018-2E9223795C6D}.Debug|Any CPU.ActiveCfg = Debug|Any CPU
		{8FDD3EDE-FBF3-4FDD-B018-2E9223795C6D}.Debug|Any CPU.Build.0 = Debug|Any CPU
		{8FDD3EDE-FBF3-4FDD-B018-2E9223795C6D}.Release|Any CPU.ActiveCfg = Release|Any CPU
		{8FDD3EDE-FBF3-4FDD-B018-2E9223795C6D}.Release|Any CPU.Build.0 = Release|Any CPU
		{D442021E-3289-4A76-BBDD-55BB8ECA7C08}.Debug|Any CPU.ActiveCfg = Debug|Any CPU
		{D442021E-3289-4A76-BBDD-55BB8ECA7C08}.Debug|Any CPU.Build.0 = Debug|Any CPU
		{D442021E-3289-4A76-BBDD-55BB8ECA7C08}.Release|Any CPU.ActiveCfg = Release|Any CPU
		{D442021E-3289-4A76-BBDD-55BB8ECA7C08}.Release|Any CPU.Build.0 = Release|Any CPU
	EndGlobalSection
	GlobalSection(SolutionProperties) = preSolution
		HideSolutionNode = FALSE
	EndGlobalSection
	GlobalSection(NestedProjects) = preSolution
		{2802E943-0E90-4267-B6FF-E65D6E4E267F} = {0423539F-794E-4503-A6FF-9AEDC48CE84A}
		{CDF6194D-77E1-4E17-8D2A-94908663D09D} = {0423539F-794E-4503-A6FF-9AEDC48CE84A}
	EndGlobalSection
	GlobalSection(ExtensibilityGlobals) = postSolution
		SolutionGuid = {D959A076-86C3-4F29-BF66-6ECD4D611E2D}
	EndGlobalSection
EndGlobal
